
Microsoft Visual Studio Solution File, Format Version 12.00
# Visual Studio Version 17
VisualStudioVersion = 17.7.34221.43
MinimumVisualStudioVersion = 10.0.40219.1
Project("{FAE04EC0-301F-11D3-BF4B-00C04F79EFBC}") = "PhilHealth", "PhilHealth\PhilHealth.csproj", "{B844600F-B4CD-4FBC-A4AE-C3F345E33BA1}"
EndProject
Global
	GlobalSection(SolutionConfigurationPlatforms) = preSolution
		Debug|Any CPU = Debug|Any CPU
		Release|Any CPU = Release|Any CPU
	EndGlobalSection
	GlobalSection(ProjectConfigurationPlatforms) = postSolution
		{B844600F-B4CD-4FBC-A4AE-C3F345E33BA1}.Debug|Any CPU.ActiveCfg = Debug|Any CPU
		{B844600F-B4CD-4FBC-A4AE-C3F345E33BA1}.Debug|Any CPU.Build.0 = Debug|Any CPU
		{B844600F-B4CD-4FBC-A4AE-C3F345E33BA1}.Debug|Any CPU.Deploy.0 = Debug|Any CPU
		{B844600F-B4CD-4FBC-A4AE-C3F345E33BA1}.Release|Any CPU.ActiveCfg = Release|Any CPU
		{B844600F-B4CD-4FBC-A4AE-C3F345E33BA1}.Release|Any CPU.Build.0 = Release|Any CPU
		{B844600F-B4CD-4FBC-A4AE-C3F345E33BA1}.Release|Any CPU.Deploy.0 = Release|Any CPU
	EndGlobalSection
	GlobalSection(SolutionProperties) = preSolution
		HideSolutionNode = FALSE
	EndGlobalSection
	GlobalSection(ExtensibilityGlobals) = postSolution
		SolutionGuid = {D9E7FFCD-4913-4E15-83BD-196630986F0C}
	EndGlobalSection
EndGlobal
